
Microsoft Visual Studio Solution File, Format Version 12.00
# Visual Studio Version 17
VisualStudioVersion = 17.5.002.0
MinimumVisualStudioVersion = 10.0.40219.1
Project("{9A19103F-16F7-4668-BE54-9A1E7A4F7556}") = "src", "src\src.csproj", "{B567D638-22E4-4047-A1F8-AE8E2E97A342}"
EndProject
Global
	GlobalSection(SolutionConfigurationPlatforms) = preSolution
		Debug|Any CPU = Debug|Any CPU
		Release|Any CPU = Release|Any CPU
	EndGlobalSection
	GlobalSection(ProjectConfigurationPlatforms) = postSolution
		{B567D638-22E4-4047-A1F8-AE8E2E97A342}.Debug|Any CPU.ActiveCfg = Debug|Any CPU
		{B567D638-22E4-4047-A1F8-AE8E2E97A342}.Debug|Any CPU.Build.0 = Debug|Any CPU
		{B567D638-22E4-4047-A1F8-AE8E2E97A342}.Release|Any CPU.ActiveCfg = Release|Any CPU
		{B567D638-22E4-4047-A1F8-AE8E2E97A342}.Release|Any CPU.Build.0 = Release|Any CPU
	EndGlobalSection
	GlobalSection(SolutionProperties) = preSolution
		HideSolutionNode = FALSE
	EndGlobalSection
	GlobalSection(ExtensibilityGlobals) = postSolution
		SolutionGuid = {0D6EBC86-0432-4DF6-8ED9-803DDA602598}
	EndGlobalSection
EndGlobal
